
Microsoft Visual Studio Solution File, Format Version 12.00
# Visual Studio Version 17
VisualStudioVersion = 17.4.33213.308
MinimumVisualStudioVersion = 10.0.40219.1
Project("{FAE04EC0-301F-11D3-BF4B-00C04F79EFBC}") = "Preco X Quantidade", "Aula_01\Preco X Quantidade.csproj", "{939BED3E-73AA-4B9B-9B3E-90A9546EBE4C}"
EndProject
Project("{FAE04EC0-301F-11D3-BF4B-00C04F79EFBC}") = "Loja_Eletrodomesticos", "Loja_Eletrodomesticos\Loja_Eletrodomesticos.csproj", "{4A57220F-B337-4841-80E1-52882B180BF4}"
EndProject
Project("{FAE04EC0-301F-11D3-BF4B-00C04F79EFBC}") = "Concessionária", "Concessionária\Concessionária.csproj", "{A1F8297A-D900-4F64-A450-6E81A1389801}"
EndProject
Project("{FAE04EC0-301F-11D3-BF4B-00C04F79EFBC}") = "A e B", "A e B\A e B.csproj", "{3EABE1DB-91CE-4B76-881D-4BCA7833DCF9}"
EndProject
Project("{FAE04EC0-301F-11D3-BF4B-00C04F79EFBC}") = "Dobro_triplo", "Dobro_triplo\Dobro_triplo.csproj", "{283C1F45-967B-493A-8F8F-5D8678C950B7}"
EndProject
Project("{FAE04EC0-301F-11D3-BF4B-00C04F79EFBC}") = "IMC", "IMC\IMC.csproj", "{3DD9077E-ED74-473C-91BF-F03BD5B4F424}"
EndProject
Project("{FAE04EC0-301F-11D3-BF4B-00C04F79EFBC}") = "KWh", "KWh\KWh.csproj", "{7A4D07D4-AA10-4D80-A4A1-F26BA7D38F60}"
EndProject
Global
	GlobalSection(SolutionConfigurationPlatforms) = preSolution
		Debug|Any CPU = Debug|Any CPU
		Release|Any CPU = Release|Any CPU
	EndGlobalSection
	GlobalSection(ProjectConfigurationPlatforms) = postSolution
		{939BED3E-73AA-4B9B-9B3E-90A9546EBE4C}.Debug|Any CPU.ActiveCfg = Debug|Any CPU
		{939BED3E-73AA-4B9B-9B3E-90A9546EBE4C}.Debug|Any CPU.Build.0 = Debug|Any CPU
		{939BED3E-73AA-4B9B-9B3E-90A9546EBE4C}.Release|Any CPU.ActiveCfg = Release|Any CPU
		{939BED3E-73AA-4B9B-9B3E-90A9546EBE4C}.Release|Any CPU.Build.0 = Release|Any CPU
		{4A57220F-B337-4841-80E1-52882B180BF4}.Debug|Any CPU.ActiveCfg = Debug|Any CPU
		{4A57220F-B337-4841-80E1-52882B180BF4}.Debug|Any CPU.Build.0 = Debug|Any CPU
		{4A57220F-B337-4841-80E1-52882B180BF4}.Release|Any CPU.ActiveCfg = Release|Any CPU
		{4A57220F-B337-4841-80E1-52882B180BF4}.Release|Any CPU.Build.0 = Release|Any CPU
		{A1F8297A-D900-4F64-A450-6E81A1389801}.Debug|Any CPU.ActiveCfg = Debug|Any CPU
		{A1F8297A-D900-4F64-A450-6E81A1389801}.Debug|Any CPU.Build.0 = Debug|Any CPU
		{A1F8297A-D900-4F64-A450-6E81A1389801}.Release|Any CPU.ActiveCfg = Release|Any CPU
		{A1F8297A-D900-4F64-A450-6E81A1389801}.Release|Any CPU.Build.0 = Release|Any CPU
		{3EABE1DB-91CE-4B76-881D-4BCA7833DCF9}.Debug|Any CPU.ActiveCfg = Debug|Any CPU
		{3EABE1DB-91CE-4B76-881D-4BCA7833DCF9}.Debug|Any CPU.Build.0 = Debug|Any CPU
		{3EABE1DB-91CE-4B76-881D-4BCA7833DCF9}.Release|Any CPU.ActiveCfg = Release|Any CPU
		{3EABE1DB-91CE-4B76-881D-4BCA7833DCF9}.Release|Any CPU.Build.0 = Release|Any CPU
		{283C1F45-967B-493A-8F8F-5D8678C950B7}.Debug|Any CPU.ActiveCfg = Debug|Any CPU
		{283C1F45-967B-493A-8F8F-5D8678C950B7}.Debug|Any CPU.Build.0 = Debug|Any CPU
		{283C1F45-967B-493A-8F8F-5D8678C950B7}.Release|Any CPU.ActiveCfg = Release|Any CPU
		{283C1F45-967B-493A-8F8F-5D8678C950B7}.Release|Any CPU.Build.0 = Release|Any CPU
		{3DD9077E-ED74-473C-91BF-F03BD5B4F424}.Debug|Any CPU.ActiveCfg = Debug|Any CPU
		{3DD9077E-ED74-473C-91BF-F03BD5B4F424}.Debug|Any CPU.Build.0 = Debug|Any CPU
		{3DD9077E-ED74-473C-91BF-F03BD5B4F424}.Release|Any CPU.ActiveCfg = Release|Any CPU
		{3DD9077E-ED74-473C-91BF-F03BD5B4F424}.Release|Any CPU.Build.0 = Release|Any CPU
		{7A4D07D4-AA10-4D80-A4A1-F26BA7D38F60}.Debug|Any CPU.ActiveCfg = Debug|Any CPU
		{7A4D07D4-AA10-4D80-A4A1-F26BA7D38F60}.Debug|Any CPU.Build.0 = Debug|Any CPU
		{7A4D07D4-AA10-4D80-A4A1-F26BA7D38F60}.Release|Any CPU.ActiveCfg = Release|Any CPU
		{7A4D07D4-AA10-4D80-A4A1-F26BA7D38F60}.Release|Any CPU.Build.0 = Release|Any CPU
	EndGlobalSection
	GlobalSection(SolutionProperties) = preSolution
		HideSolutionNode = FALSE
	EndGlobalSection
	GlobalSection(ExtensibilityGlobals) = postSolution
		SolutionGuid = {DB5CF56B-219D-44B4-BDA0-6F1C3419F8DE}
	EndGlobalSection
EndGlobal
